<?xml version="1.0" encoding="utf-8"?>
<Project ToolsVersion="4.0" xmlns="http://schemas.microsoft.com/developer/msbuild/2003">
  <ItemGroup>
    <Filter Include="Source Files">
      <UniqueIdentifier>{4FC737F1-C7A5-4376-A066-2A32D752A2FF}</UniqueIdentifier>
      <Extensions>cpp;c;cc;cxx;def;odl;idl;hpj;bat;asm;asmx</Extensions>
    </Filter>
    <Filter Include="Header Files">
      <UniqueIdentifier>{93995380-89BD-4b04-88EB-625FBE52EBFB}</UniqueIdentifier>
      <Extensions>h;hpp;hxx;hm;inl;inc;xsd</Extensions>
    </Filter>
    <Filter Include="Resource Files">
      <UniqueIdentifier>{67DA6AB6-F800-4c08-8B7A-83BB121AAD01}</UniqueIdentifier>
      <Extensions>rc;ico;cur;bmp;dlg;rc2;rct;bin;rgs;gif;jpg;jpeg;jpe;resx;tiff;tif;png;wav;mfcribbon-ms</Extensions>
    </Filter>
  </ItemGroup>
  <ItemGroup>
    <Text Include="ReadMe.txt" />
  </ItemGroup>
  <ItemGroup>
    <ClCompile Include="ConceptImpl.cpp">
      <Filter>Source Files</Filter>
    </ClCompile>
    <ClCompile Include="ElementDeclarationImpl.cpp">
      <Filter>Source Files</Filter>
    </ClCompile>
    <ClCompile Include="HashFunctions.cpp">
      <Filter>Source Files</Filter>
    </ClCompile>
    <ClCompile Include="Load.cpp">
      <Filter>Source Files</Filter>
    </ClCompile>
    <ClCompile Include="SchemaContentDeclarationImpl.cpp">
      <Filter>Source Files</Filter>
    </ClCompile>
    <ClCompile Include="SchemaContentImpl.cpp">
      <Filter>Source Files</Filter>
    </ClCompile>
    <ClCompile Include="SchemaDeclarationImpl.cpp">
      <Filter>Source Files</Filter>
    </ClCompile>
    <ClCompile Include="Constants.cpp">
      <Filter>Source Files</Filter>
    </ClCompile>
    <ClCompile Include="BaseMatcherImpl.cpp">
      <Filter>Source Files</Filter>
    </ClCompile>
    <ClCompile Include="StubImpl.cpp">
      <Filter>Source Files</Filter>
    </ClCompile>
    <ClCompile Include="Loader.cpp">
      <Filter>Source Files</Filter>
    </ClCompile>
    <ClCompile Include="EntityResolver.cpp">
      <Filter>Source Files</Filter>
    </ClCompile>
    <ClCompile Include="Cache.cpp">
      <Filter>Source Files</Filter>
    </ClCompile>
    <ClCompile Include="Store.cpp">
      <Filter>Source Files</Filter>
    </ClCompile>
    <ClCompile Include="XLinkProcessor.cpp">
      <Filter>Source Files</Filter>
    </ClCompile>
    <ClCompile Include="DefaultMatcher.cpp">
      <Filter>Source Files</Filter>
    </ClCompile>
    <ClCompile Include="History.cpp">
      <Filter>Source Files</Filter>
    </ClCompile>
    <ClCompile Include="Signer.cpp">
      <Filter>Source Files</Filter>
    </ClCompile>
    <ClCompile Include="MD5Signer.cpp">
      <Filter>Source Files</Filter>
    </ClCompile>
    <ClCompile Include="Logger.cpp">
      <Filter>Source Files</Filter>
    </ClCompile>
    <ClCompile Include="XML.cpp">
      <Filter>Source Files</Filter>
    </ClCompile>
    <ClCompile Include="Builder.cpp">
      <Filter>Source Files</Filter>
    </ClCompile>
    <ClCompile Include="BaseContentHandler.cpp">
      <Filter>Source Files</Filter>
    </ClCompile>
    <ClCompile Include="ElementState.cpp">
      <Filter>Source Files</Filter>
    </ClCompile>
    <ClCompile Include="SchemaIdentifier.cpp">
      <Filter>Source Files</Filter>
    </ClCompile>
    <ClCompile Include="BaseIdentifier.cpp">
      <Filter>Source Files</Filter>
    </ClCompile>
    <ClCompile Include="XBRLIdentifier.cpp">
      <Filter>Source Files</Filter>
    </ClCompile>
    <ClCompile Include="LanguageIdentifier.cpp">
      <Filter>Source Files</Filter>
    </ClCompile>
    <ClCompile Include="ReferencePartIdentifier.cpp">
      <Filter>Source Files</Filter>
    </ClCompile>
    <ClCompile Include="GenericDocumentRootIdentifier.cpp">
      <Filter>Source Files</Filter>
    </ClCompile>
    <ClCompile Include="ContentHandler.cpp">
      <Filter>Source Files</Filter>
    </ClCompile>
    <ClCompile Include="BaseURISAXResolver.cpp">
      <Filter>Source Files</Filter>
    </ClCompile>
    <ClCompile Include="XBRLXLinkHandler.cpp">
      <Filter>Source Files</Filter>
    </ClCompile>
    <ClCompile Include="XMLDOMSerializer.cpp">
      <Filter>Source Files</Filter>
    </ClCompile>
    <ClCompile Include="CacheFile.cpp">
      <Filter>Source Files</Filter>
    </ClCompile>
    <ClCompile Include="XBRLXLinkIdentifier.cpp">
      <Filter>Source Files</Filter>
    </ClCompile>
    <ClCompile Include="Fragment.cpp">
      <Filter>Source Files</Filter>
    </ClCompile>
    <ClCompile Include="LabelResource.cpp">
      <Filter>Source Files</Filter>
    </ClCompile>
    <ClCompile Include="ReferenceResource.cpp">
      <Filter>Source Files</Filter>
    </ClCompile>
    <ClCompile Include="CustomLinkRecogniser.cpp">
      <Filter>Source Files</Filter>
    </ClCompile>
  </ItemGroup>
  <ItemGroup>
    <ClInclude Include="ArcEnd.h">
      <Filter>Header Files</Filter>
    </ClInclude>
    <ClInclude Include="BaseMatcherImpl.h">
      <Filter>Header Files</Filter>
    </ClInclude>
    <ClInclude Include="Cache.h">
      <Filter>Header Files</Filter>
    </ClInclude>
    <ClInclude Include="CacheFile.h">
      <Filter>Header Files</Filter>
    </ClInclude>
    <ClInclude Include="Comparable.h">
      <Filter>Header Files</Filter>
    </ClInclude>
    <ClInclude Include="Concept.h">
      <Filter>Header Files</Filter>
    </ClInclude>
    <ClInclude Include="ConceptImpl.h">
      <Filter>Header Files</Filter>
    </ClInclude>
    <ClInclude Include="Constants.h">
      <Filter>Header Files</Filter>
    </ClInclude>
    <ClInclude Include="Context.h">
      <Filter>Header Files</Filter>
    </ClInclude>
    <ClInclude Include="ElementDeclaration.h">
      <Filter>Header Files</Filter>
    </ClInclude>
    <ClInclude Include="ElementDeclarationImpl.h">
      <Filter>Header Files</Filter>
    </ClInclude>
    <ClInclude Include="EntityResolver.h">
      <Filter>Header Files</Filter>
    </ClInclude>
    <ClInclude Include="ExtendedLink.h">
      <Filter>Header Files</Filter>
    </ClInclude>
    <ClInclude Include="ExtendedLinkContent.h">
      <Filter>Header Files</Filter>
    </ClInclude>
    <ClInclude Include="Fact.h">
      <Filter>Header Files</Filter>
    </ClInclude>
    <ClInclude Include="FactDimensionContainer.h">
      <Filter>Header Files</Filter>
    </ClInclude>
    <ClInclude Include="FootnoteResource.h">
      <Filter>Header Files</Filter>
    </ClInclude>
    <ClInclude Include="Fragment.h">
      <Filter>Header Files</Filter>
    </ClInclude>
    <ClInclude Include="HashFunctions.h">
      <Filter>Header Files</Filter>
    </ClInclude>
    <ClInclude Include="History.h">
      <Filter>Header Files</Filter>
    </ClInclude>
    <ClInclude Include="Instance.h">
      <Filter>Header Files</Filter>
    </ClInclude>
    <ClInclude Include="Item.h">
      <Filter>Header Files</Filter>
    </ClInclude>
    <ClInclude Include="Link.h">
      <Filter>Header Files</Filter>
    </ClInclude>
    <ClInclude Include="Load.h">
      <Filter>Header Files</Filter>
    </ClInclude>
    <ClInclude Include="Loader.h">
      <Filter>Header Files</Filter>
    </ClInclude>
    <ClInclude Include="Matcher.h">
      <Filter>Header Files</Filter>
    </ClInclude>
    <ClInclude Include="MixedContentResource.h">
      <Filter>Header Files</Filter>
    </ClInclude>
    <ClInclude Include="Resource.h">
      <Filter>Header Files</Filter>
    </ClInclude>
    <ClInclude Include="ScchemaDeclaration.h">
      <Filter>Header Files</Filter>
    </ClInclude>
    <ClInclude Include="SchemaContent.h">
      <Filter>Header Files</Filter>
    </ClInclude>
    <ClInclude Include="SchemaContentDeclaration.h">
      <Filter>Header Files</Filter>
    </ClInclude>
    <ClInclude Include="SchemaContentDeclarationImpl.h">
      <Filter>Header Files</Filter>
    </ClInclude>
    <ClInclude Include="SchemaContentImpl.h">
      <Filter>Header Files</Filter>
    </ClInclude>
    <ClInclude Include="SchemaDeclaration.h">
      <Filter>Header Files</Filter>
    </ClInclude>
    <ClInclude Include="SchemaDeclarationImpl.h">
      <Filter>Header Files</Filter>
    </ClInclude>
    <ClInclude Include="Signer.h">
      <Filter>Header Files</Filter>
    </ClInclude>
    <ClInclude Include="Store.h">
      <Filter>Header Files</Filter>
    </ClInclude>
    <ClInclude Include="Storer.h">
      <Filter>Header Files</Filter>
    </ClInclude>
    <ClInclude Include="StorerImpl.h">
      <Filter>Header Files</Filter>
    </ClInclude>
    <ClInclude Include="Stub.h">
      <Filter>Header Files</Filter>
    </ClInclude>
    <ClInclude Include="StubImpl.h">
      <Filter>Header Files</Filter>
    </ClInclude>
    <ClInclude Include="Unit.h">
      <Filter>Header Files</Filter>
    </ClInclude>
    <ClInclude Include="Util.h">
      <Filter>Header Files</Filter>
    </ClInclude>
    <ClInclude Include="Xlink.h">
      <Filter>Header Files</Filter>
    </ClInclude>
    <ClInclude Include="XLinkHandler.h">
      <Filter>Header Files</Filter>
    </ClInclude>
    <ClInclude Include="XLinkProcessor.h">
      <Filter>Header Files</Filter>
    </ClInclude>
    <ClInclude Include="XML.h">
      <Filter>Header Files</Filter>
    </ClInclude>
    <ClInclude Include="XMLImpl.h">
      <Filter>Header Files</Filter>
    </ClInclude>
    <ClInclude Include="ContentHandler.h">
      <Filter>Header Files</Filter>
    </ClInclude>
    <ClInclude Include="XMLDomBuilder.h">
      <Filter>Header Files</Filter>
    </ClInclude>
    <ClInclude Include="FragmentFactory.h">
      <Filter>Header Files</Filter>
    </ClInclude>
    <ClInclude Include="XmlInputStreamWrap.h">
      <Filter>Header Files</Filter>
    </ClInclude>
    <ClInclude Include="Logger.h">
      <Filter>Header Files</Filter>
    </ClInclude>
    <ClInclude Include="XBRLException.h">
      <Filter>Header Files</Filter>
    </ClInclude>
    <ClInclude Include="XercesStrings.h">
      <Filter>Header Files</Filter>
    </ClInclude>
    <ClInclude Include="DbXmlXerces.hpp">
      <Filter>Header Files</Filter>
    </ClInclude>
    <ClInclude Include="XmlInputStreamWrapper.hpp">
      <Filter>Header Files</Filter>
    </ClInclude>
    <ClInclude Include="Pimpl.h">
      <Filter>Header Files</Filter>
    </ClInclude>
    <ClInclude Include="PimplImpl.h">
      <Filter>Header Files</Filter>
    </ClInclude>
    <ClInclude Include="DefaultMatcher.h">
      <Filter>Header Files</Filter>
    </ClInclude>
    <ClInclude Include="MD5Signer.h">
      <Filter>Header Files</Filter>
    </ClInclude>
    <ClInclude Include="Builder.h">
      <Filter>Header Files</Filter>
    </ClInclude>
    <ClInclude Include="NonFragmentXML.h">
      <Filter>Header Files</Filter>
    </ClInclude>
    <ClInclude Include="BaseContentHandler.h">
      <Filter>Header Files</Filter>
    </ClInclude>
    <ClInclude Include="ElementState.h">
      <Filter>Header Files</Filter>
    </ClInclude>
    <ClInclude Include="SchemaIdentifier.h">
      <Filter>Header Files</Filter>
    </ClInclude>
    <ClInclude Include="Identifier.h">
      <Filter>Header Files</Filter>
    </ClInclude>
    <ClInclude Include="BaseIdentifier.h">
      <Filter>Header Files</Filter>
    </ClInclude>
    <ClInclude Include="XBRLIdentifier.h">
      <Filter>Header Files</Filter>
    </ClInclude>
    <ClInclude Include="LanguageIdentifier.h">
      <Filter>Header Files</Filter>
    </ClInclude>
    <ClInclude Include="ReferencePartIdentifier.h">
      <Filter>Header Files</Filter>
    </ClInclude>
    <ClInclude Include="GenericDocumentRootIdentifier.h">
      <Filter>Header Files</Filter>
    </ClInclude>
    <ClInclude Include="XLinkException.h">
      <Filter>Header Files</Filter>
    </ClInclude>
    <ClInclude Include="BaseURISAXResolver.h">
      <Filter>Header Files</Filter>
    </ClInclude>
    <ClInclude Include="XBRLXLinkHandler.h">
      <Filter>Header Files</Filter>
    </ClInclude>
    <ClInclude Include="BaseURIResolver.h">
      <Filter>Header Files</Filter>
    </ClInclude>
    <ClInclude Include="XBRLXLinkIdentifier.h">
      <Filter>Header Files</Filter>
    </ClInclude>
    <ClInclude Include="XLinkHandlerDefault.h">
      <Filter>Header Files</Filter>
    </ClInclude>
    <ClInclude Include="XMLDOMSerializer.h">
      <Filter>Header Files</Filter>
    </ClInclude>
    <ClInclude Include="LabelResource.h">
      <Filter>Header Files</Filter>
    </ClInclude>
    <ClInclude Include="ReferenceResource.h">
      <Filter>Header Files</Filter>
    </ClInclude>
    <ClInclude Include="ReferencePart.h">
      <Filter>Header Files</Filter>
    </ClInclude>
    <ClInclude Include="SimpleLink.h">
      <Filter>Header Files</Filter>
    </ClInclude>
    <ClInclude Include="CustomLinkRecogniser.h">
      <Filter>Header Files</Filter>
    </ClInclude>
    <ClInclude Include="doxygen_dummy.h">
      <Filter>Header Files</Filter>
    </ClInclude>
  </ItemGroup>
  <ItemGroup>
    <None Include="ClassDiagram.cd" />
  </ItemGroup>
</Project>